
Microsoft Visual Studio Solution File, Format Version 12.00
# Visual Studio Version 17
VisualStudioVersion = 17.0.31903.59
MinimumVisualStudioVersion = 10.0.40219.1
Project("{2150E333-8FDC-42A3-9474-1A3956D46DE8}") = "src", "src", "{827E0CD3-B72D-47B6-A68D-7590B98EB39B}"
EndProject
Project("{2150E333-8FDC-42A3-9474-1A3956D46DE8}") = "BuildingBlocks", "BuildingBlocks", "{90298CBA-BD6F-3A0A-69D5-97CAD7B05E7E}"
EndProject
Project("{FAE04EC0-301F-11D3-BF4B-00C04F79EFBC}") = "SbaCars.BuildingBlocks.Domain", "src\BuildingBlocks\SbaCars.BuildingBlocks.Domain\SbaCars.BuildingBlocks.Domain.csproj", "{8E1BB927-AFFF-4E02-865D-64820E4FACBA}"
EndProject
Project("{FAE04EC0-301F-11D3-BF4B-00C04F79EFBC}") = "SbaCars.BuildingBlocks.Application", "src\BuildingBlocks\SbaCars.BuildingBlocks.Application\SbaCars.BuildingBlocks.Application.csproj", "{D49258F1-0C5E-458C-B574-31CCA70226FB}"
EndProject
Project("{FAE04EC0-301F-11D3-BF4B-00C04F79EFBC}") = "SbaCars.BuildingBlocks.Persistence", "src\BuildingBlocks\SbaCars.BuildingBlocks.Persistence\SbaCars.BuildingBlocks.Persistence.csproj", "{D80A5878-435A-4D17-8E8D-7185B316BC5F}"
EndProject
Project("{FAE04EC0-301F-11D3-BF4B-00C04F79EFBC}") = "SbaCars.BuildingBlocks.Observability", "src\BuildingBlocks\SbaCars.BuildingBlocks.Observability\SbaCars.BuildingBlocks.Observability.csproj", "{B8D6DD7E-B9BE-4065-8C0D-DEFCD1234913}"
EndProject
Project("{FAE04EC0-301F-11D3-BF4B-00C04F79EFBC}") = "SbaCars.BuildingBlocks.Web", "src\BuildingBlocks\SbaCars.BuildingBlocks.Web\SbaCars.BuildingBlocks.Web.csproj", "{EE982DDD-93A0-4A2C-ABA8-9FE33944D608}"
EndProject
Project("{2150E333-8FDC-42A3-9474-1A3956D46DE8}") = "Contracts", "Contracts", "{FFBE31B8-50B9-B415-22BC-2F92C97CADA3}"
EndProject
Project("{FAE04EC0-301F-11D3-BF4B-00C04F79EFBC}") = "SbaCars.Contracts", "src\Contracts\SbaCars.Contracts\SbaCars.Contracts.csproj", "{E13CA7E1-11F9-41AB-940B-811D9FEA89EF}"
EndProject
Project("{2150E333-8FDC-42A3-9474-1A3956D46DE8}") = "Gateways", "Gateways", "{CBE535C5-B51A-60E9-4D99-AC1BFAA908A1}"
EndProject
Project("{FAE04EC0-301F-11D3-BF4B-00C04F79EFBC}") = "SbaCars.Gateway.Public", "src\Gateways\SbaCars.Gateway.Public\SbaCars.Gateway.Public.csproj", "{B5C0843E-8A0D-4EA9-B97C-0A9A8938F5CD}"
EndProject
Project("{FAE04EC0-301F-11D3-BF4B-00C04F79EFBC}") = "SbaCars.Gateway.Backoffice", "src\Gateways\SbaCars.Gateway.Backoffice\SbaCars.Gateway.Backoffice.csproj", "{72A3B188-5363-43AF-B28A-6CCD7EAD6C5A}"
EndProject
Project("{2150E333-8FDC-42A3-9474-1A3956D46DE8}") = "Inventory", "Inventory", "{6646DC9B-45F7-597F-FD98-DC7F277572B1}"
EndProject
Project("{FAE04EC0-301F-11D3-BF4B-00C04F79EFBC}") = "SbaCars.Inventory.Api", "src\Inventory\SbaCars.Inventory.Api\SbaCars.Inventory.Api.csproj", "{A64D8452-38BE-4354-A430-0345CE98BC6E}"
EndProject
Project("{FAE04EC0-301F-11D3-BF4B-00C04F79EFBC}") = "SbaCars.Inventory.Application", "src\Inventory\SbaCars.Inventory.Application\SbaCars.Inventory.Application.csproj", "{04EA0E26-FF58-40A2-82CF-E1FCDC6F61FD}"
EndProject
Project("{FAE04EC0-301F-11D3-BF4B-00C04F79EFBC}") = "SbaCars.Inventory.Domain", "src\Inventory\SbaCars.Inventory.Domain\SbaCars.Inventory.Domain.csproj", "{6B9018FD-F228-4940-8277-86DEE1D5BB71}"
EndProject
Project("{FAE04EC0-301F-11D3-BF4B-00C04F79EFBC}") = "SbaCars.Inventory.Infrastructure", "src\Inventory\SbaCars.Inventory.Infrastructure\SbaCars.Inventory.Infrastructure.csproj", "{090FB92F-CFC1-4056-A66B-9BAC0B998268}"
EndProject
Project("{2150E333-8FDC-42A3-9474-1A3956D46DE8}") = "Catalog", "Catalog", "{AE156C2D-CEB6-2932-52E1-7BB3F5577BA2}"
EndProject
Project("{FAE04EC0-301F-11D3-BF4B-00C04F79EFBC}") = "SbaCars.Catalog.Api", "src\Catalog\SbaCars.Catalog.Api\SbaCars.Catalog.Api.csproj", "{DD091848-C7B9-4715-B24B-47D1E636E77B}"
EndProject
Project("{FAE04EC0-301F-11D3-BF4B-00C04F79EFBC}") = "SbaCars.Catalog.Application", "src\Catalog\SbaCars.Catalog.Application\SbaCars.Catalog.Application.csproj", "{C2D4730E-7199-480D-BA68-7C5E4022F87D}"
EndProject
Project("{FAE04EC0-301F-11D3-BF4B-00C04F79EFBC}") = "SbaCars.Catalog.Domain", "src\Catalog\SbaCars.Catalog.Domain\SbaCars.Catalog.Domain.csproj", "{ABDA65DB-AE35-4ABD-A79C-E28E0FB2A67C}"
EndProject
Project("{FAE04EC0-301F-11D3-BF4B-00C04F79EFBC}") = "SbaCars.Catalog.Infrastructure", "src\Catalog\SbaCars.Catalog.Infrastructure\SbaCars.Catalog.Infrastructure.csproj", "{CC624943-8873-4189-8397-297F68AE8358}"
EndProject
Project("{2150E333-8FDC-42A3-9474-1A3956D46DE8}") = "Interest", "Interest", "{5D1400AD-A3C1-F7F6-ECAC-85ED9192F7C3}"
EndProject
Project("{FAE04EC0-301F-11D3-BF4B-00C04F79EFBC}") = "SbaCars.Interest.Api", "src\Interest\SbaCars.Interest.Api\SbaCars.Interest.Api.csproj", "{CD172833-4234-41F9-978D-63216D521F71}"
EndProject
Project("{FAE04EC0-301F-11D3-BF4B-00C04F79EFBC}") = "SbaCars.Interest.Application", "src\Interest\SbaCars.Interest.Application\SbaCars.Interest.Application.csproj", "{6F4ED596-3AFC-4810-BDAC-1A4DDA18E71F}"
EndProject
Project("{FAE04EC0-301F-11D3-BF4B-00C04F79EFBC}") = "SbaCars.Interest.Domain", "src\Interest\SbaCars.Interest.Domain\SbaCars.Interest.Domain.csproj", "{0E4DF120-A22E-4579-9066-C33C41F4D3AF}"
EndProject
Project("{FAE04EC0-301F-11D3-BF4B-00C04F79EFBC}") = "SbaCars.Interest.Infrastructure", "src\Interest\SbaCars.Interest.Infrastructure\SbaCars.Interest.Infrastructure.csproj", "{5AA3F4BE-D25B-409B-8E99-233206066EC8}"
EndProject
Project("{2150E333-8FDC-42A3-9474-1A3956D46DE8}") = "Purchase", "Purchase", "{F67B90C5-ED5F-53F0-7F60-39A1D6E5BC36}"
EndProject
Project("{FAE04EC0-301F-11D3-BF4B-00C04F79EFBC}") = "SbaCars.Purchase.Api", "src\Purchase\SbaCars.Purchase.Api\SbaCars.Purchase.Api.csproj", "{96F778CD-3884-4FA7-946E-2F2DD6CBB411}"
EndProject
Project("{FAE04EC0-301F-11D3-BF4B-00C04F79EFBC}") = "SbaCars.Purchase.Application", "src\Purchase\SbaCars.Purchase.Application\SbaCars.Purchase.Application.csproj", "{5EF761FF-B37C-41AD-BA0E-7864221B4946}"
EndProject
Project("{FAE04EC0-301F-11D3-BF4B-00C04F79EFBC}") = "SbaCars.Purchase.Domain", "src\Purchase\SbaCars.Purchase.Domain\SbaCars.Purchase.Domain.csproj", "{99997B6D-82B5-48FF-ACF9-63095867BDBD}"
EndProject
Project("{FAE04EC0-301F-11D3-BF4B-00C04F79EFBC}") = "SbaCars.Purchase.Infrastructure", "src\Purchase\SbaCars.Purchase.Infrastructure\SbaCars.Purchase.Infrastructure.csproj", "{82B10B89-4F6B-4202-AB26-528C988C33B5}"
EndProject
Project("{2150E333-8FDC-42A3-9474-1A3956D46DE8}") = "tests", "tests", "{0AB3BF05-4346-4AA6-1389-037BE0695223}"
EndProject
Project("{FAE04EC0-301F-11D3-BF4B-00C04F79EFBC}") = "SbaCars.BuildingBlocks.UnitTests", "tests\SbaCars.BuildingBlocks.UnitTests\SbaCars.BuildingBlocks.UnitTests.csproj", "{B8D0836C-2C07-4672-85D9-E071A4FC0EF3}"
EndProject
Project("{FAE04EC0-301F-11D3-BF4B-00C04F79EFBC}") = "SbaCars.BuildingBlocks.Web.Tests", "tests\SbaCars.BuildingBlocks.Web.Tests\SbaCars.BuildingBlocks.Web.Tests.csproj", "{A8ECB9AD-598F-4824-A3D7-9FEC597A37F5}"
EndProject
Project("{2150E333-8FDC-42A3-9474-1A3956D46DE8}") = "Inventory", "Inventory", "{6B6A9D20-1EA0-9357-3B09-C6BC2B90364F}"
EndProject
Project("{FAE04EC0-301F-11D3-BF4B-00C04F79EFBC}") = "SbaCars.Inventory.Migrator", "src\Inventory\SbaCars.Inventory.Migrator\SbaCars.Inventory.Migrator.csproj", "{70F3B854-47E4-4527-8CEB-008238D94C9C}"
EndProject
Project("{2150E333-8FDC-42A3-9474-1A3956D46DE8}") = "Catalog", "Catalog", "{50761A8C-3A0B-6B1B-86AD-17AC9E1B806D}"
EndProject
Project("{FAE04EC0-301F-11D3-BF4B-00C04F79EFBC}") = "SbaCars.Catalog.Migrator", "src\Catalog\SbaCars.Catalog.Migrator\SbaCars.Catalog.Migrator.csproj", "{1FA1172D-1B16-4BF0-83DB-CBE701D645DF}"
EndProject
Project("{2150E333-8FDC-42A3-9474-1A3956D46DE8}") = "Interest", "Interest", "{5C10043A-9EE2-C91D-901C-208A82670A6B}"
EndProject
Project("{FAE04EC0-301F-11D3-BF4B-00C04F79EFBC}") = "SbaCars.Interest.Migrator", "src\Interest\SbaCars.Interest.Migrator\SbaCars.Interest.Migrator.csproj", "{21E502CD-0806-452F-ADC6-53B3E13ABC85}"
EndProject
Project("{2150E333-8FDC-42A3-9474-1A3956D46DE8}") = "Purchase", "Purchase", "{72706DB3-4A3E-8C06-4DA7-82ADBF30784B}"
EndProject
Project("{FAE04EC0-301F-11D3-BF4B-00C04F79EFBC}") = "SbaCars.Purchase.Migrator", "src\Purchase\SbaCars.Purchase.Migrator\SbaCars.Purchase.Migrator.csproj", "{47822102-0F55-4B06-A709-108C8063E876}"
EndProject
Project("{FAE04EC0-301F-11D3-BF4B-00C04F79EFBC}") = "SbaCars.Persistence.IntegrationTests", "tests\SbaCars.Persistence.IntegrationTests\SbaCars.Persistence.IntegrationTests.csproj", "{5109BF6D-CB6F-46E1-A6C9-AF75E5FA4024}"
EndProject
Project("{FAE04EC0-301F-11D3-BF4B-00C04F79EFBC}") = "SbaCars.Architecture.Tests", "tests\SbaCars.Architecture.Tests\SbaCars.Architecture.Tests.csproj", "{6F1373B2-55A3-4FC8-9221-0AB4A9E0C1DF}"
EndProject
Global
	GlobalSection(SolutionConfigurationPlatforms) = preSolution
		Debug|Any CPU = Debug|Any CPU
		Debug|x64 = Debug|x64
		Debug|x86 = Debug|x86
		Release|Any CPU = Release|Any CPU
		Release|x64 = Release|x64
		Release|x86 = Release|x86
	EndGlobalSection
	GlobalSection(ProjectConfigurationPlatforms) = postSolution
		{8E1BB927-AFFF-4E02-865D-64820E4FACBA}.Debug|Any CPU.ActiveCfg = Debug|Any CPU
		{8E1BB927-AFFF-4E02-865D-64820E4FACBA}.Debug|Any CPU.Build.0 = Debug|Any CPU
		{8E1BB927-AFFF-4E02-865D-64820E4FACBA}.Debug|x64.ActiveCfg = Debug|Any CPU
		{8E1BB927-AFFF-4E02-865D-64820E4FACBA}.Debug|x64.Build.0 = Debug|Any CPU
		{8E1BB927-AFFF-4E02-865D-64820E4FACBA}.Debug|x86.ActiveCfg = Debug|Any CPU
		{8E1BB927-AFFF-4E02-865D-64820E4FACBA}.Debug|x86.Build.0 = Debug|Any CPU
		{8E1BB927-AFFF-4E02-865D-64820E4FACBA}.Release|Any CPU.ActiveCfg = Release|Any CPU
		{8E1BB927-AFFF-4E02-865D-64820E4FACBA}.Release|Any CPU.Build.0 = Release|Any CPU
		{8E1BB927-AFFF-4E02-865D-64820E4FACBA}.Release|x64.ActiveCfg = Release|Any CPU
		{8E1BB927-AFFF-4E02-865D-64820E4FACBA}.Release|x64.Build.0 = Release|Any CPU
		{8E1BB927-AFFF-4E02-865D-64820E4FACBA}.Release|x86.ActiveCfg = Release|Any CPU
		{8E1BB927-AFFF-4E02-865D-64820E4FACBA}.Release|x86.Build.0 = Release|Any CPU
		{D49258F1-0C5E-458C-B574-31CCA70226FB}.Debug|Any CPU.ActiveCfg = Debug|Any CPU
		{D49258F1-0C5E-458C-B574-31CCA70226FB}.Debug|Any CPU.Build.0 = Debug|Any CPU
		{D49258F1-0C5E-458C-B574-31CCA70226FB}.Debug|x64.ActiveCfg = Debug|Any CPU
		{D49258F1-0C5E-458C-B574-31CCA70226FB}.Debug|x64.Build.0 = Debug|Any CPU
		{D49258F1-0C5E-458C-B574-31CCA70226FB}.Debug|x86.ActiveCfg = Debug|Any CPU
		{D49258F1-0C5E-458C-B574-31CCA70226FB}.Debug|x86.Build.0 = Debug|Any CPU
		{D49258F1-0C5E-458C-B574-31CCA70226FB}.Release|Any CPU.ActiveCfg = Release|Any CPU
		{D49258F1-0C5E-458C-B574-31CCA70226FB}.Release|Any CPU.Build.0 = Release|Any CPU
		{D49258F1-0C5E-458C-B574-31CCA70226FB}.Release|x64.ActiveCfg = Release|Any CPU
		{D49258F1-0C5E-458C-B574-31CCA70226FB}.Release|x64.Build.0 = Release|Any CPU
		{D49258F1-0C5E-458C-B574-31CCA70226FB}.Release|x86.ActiveCfg = Release|Any CPU
		{D49258F1-0C5E-458C-B574-31CCA70226FB}.Release|x86.Build.0 = Release|Any CPU
		{D80A5878-435A-4D17-8E8D-7185B316BC5F}.Debug|Any CPU.ActiveCfg = Debug|Any CPU
		{D80A5878-435A-4D17-8E8D-7185B316BC5F}.Debug|Any CPU.Build.0 = Debug|Any CPU
		{D80A5878-435A-4D17-8E8D-7185B316BC5F}.Debug|x64.ActiveCfg = Debug|Any CPU
		{D80A5878-435A-4D17-8E8D-7185B316BC5F}.Debug|x64.Build.0 = Debug|Any CPU
		{D80A5878-435A-4D17-8E8D-7185B316BC5F}.Debug|x86.ActiveCfg = Debug|Any CPU
		{D80A5878-435A-4D17-8E8D-7185B316BC5F}.Debug|x86.Build.0 = Debug|Any CPU
		{D80A5878-435A-4D17-8E8D-7185B316BC5F}.Release|Any CPU.ActiveCfg = Release|Any CPU
		{D80A5878-435A-4D17-8E8D-7185B316BC5F}.Release|Any CPU.Build.0 = Release|Any CPU
		{D80A5878-435A-4D17-8E8D-7185B316BC5F}.Release|x64.ActiveCfg = Release|Any CPU
		{D80A5878-435A-4D17-8E8D-7185B316BC5F}.Release|x64.Build.0 = Release|Any CPU
		{D80A5878-435A-4D17-8E8D-7185B316BC5F}.Release|x86.ActiveCfg = Release|Any CPU
		{D80A5878-435A-4D17-8E8D-7185B316BC5F}.Release|x86.Build.0 = Release|Any CPU
		{B8D6DD7E-B9BE-4065-8C0D-DEFCD1234913}.Debug|Any CPU.ActiveCfg = Debug|Any CPU
		{B8D6DD7E-B9BE-4065-8C0D-DEFCD1234913}.Debug|Any CPU.Build.0 = Debug|Any CPU
		{B8D6DD7E-B9BE-4065-8C0D-DEFCD1234913}.Debug|x64.ActiveCfg = Debug|Any CPU
		{B8D6DD7E-B9BE-4065-8C0D-DEFCD1234913}.Debug|x64.Build.0 = Debug|Any CPU
		{B8D6DD7E-B9BE-4065-8C0D-DEFCD1234913}.Debug|x86.ActiveCfg = Debug|Any CPU
		{B8D6DD7E-B9BE-4065-8C0D-DEFCD1234913}.Debug|x86.Build.0 = Debug|Any CPU
		{B8D6DD7E-B9BE-4065-8C0D-DEFCD1234913}.Release|Any CPU.ActiveCfg = Release|Any CPU
		{B8D6DD7E-B9BE-4065-8C0D-DEFCD1234913}.Release|Any CPU.Build.0 = Release|Any CPU
		{B8D6DD7E-B9BE-4065-8C0D-DEFCD1234913}.Release|x64.ActiveCfg = Release|Any CPU
		{B8D6DD7E-B9BE-4065-8C0D-DEFCD1234913}.Release|x64.Build.0 = Release|Any CPU
		{B8D6DD7E-B9BE-4065-8C0D-DEFCD1234913}.Release|x86.ActiveCfg = Release|Any CPU
		{B8D6DD7E-B9BE-4065-8C0D-DEFCD1234913}.Release|x86.Build.0 = Release|Any CPU
		{EE982DDD-93A0-4A2C-ABA8-9FE33944D608}.Debug|Any CPU.ActiveCfg = Debug|Any CPU
		{EE982DDD-93A0-4A2C-ABA8-9FE33944D608}.Debug|Any CPU.Build.0 = Debug|Any CPU
		{EE982DDD-93A0-4A2C-ABA8-9FE33944D608}.Debug|x64.ActiveCfg = Debug|Any CPU
		{EE982DDD-93A0-4A2C-ABA8-9FE33944D608}.Debug|x64.Build.0 = Debug|Any CPU
		{EE982DDD-93A0-4A2C-ABA8-9FE33944D608}.Debug|x86.ActiveCfg = Debug|Any CPU
		{EE982DDD-93A0-4A2C-ABA8-9FE33944D608}.Debug|x86.Build.0 = Debug|Any CPU
		{EE982DDD-93A0-4A2C-ABA8-9FE33944D608}.Release|Any CPU.ActiveCfg = Release|Any CPU
		{EE982DDD-93A0-4A2C-ABA8-9FE33944D608}.Release|Any CPU.Build.0 = Release|Any CPU
		{EE982DDD-93A0-4A2C-ABA8-9FE33944D608}.Release|x64.ActiveCfg = Release|Any CPU
		{EE982DDD-93A0-4A2C-ABA8-9FE33944D608}.Release|x64.Build.0 = Release|Any CPU
		{EE982DDD-93A0-4A2C-ABA8-9FE33944D608}.Release|x86.ActiveCfg = Release|Any CPU
		{EE982DDD-93A0-4A2C-ABA8-9FE33944D608}.Release|x86.Build.0 = Release|Any CPU
		{E13CA7E1-11F9-41AB-940B-811D9FEA89EF}.Debug|Any CPU.ActiveCfg = Debug|Any CPU
		{E13CA7E1-11F9-41AB-940B-811D9FEA89EF}.Debug|Any CPU.Build.0 = Debug|Any CPU
		{E13CA7E1-11F9-41AB-940B-811D9FEA89EF}.Debug|x64.ActiveCfg = Debug|Any CPU
		{E13CA7E1-11F9-41AB-940B-811D9FEA89EF}.Debug|x64.Build.0 = Debug|Any CPU
		{E13CA7E1-11F9-41AB-940B-811D9FEA89EF}.Debug|x86.ActiveCfg = Debug|Any CPU
		{E13CA7E1-11F9-41AB-940B-811D9FEA89EF}.Debug|x86.Build.0 = Debug|Any CPU
		{E13CA7E1-11F9-41AB-940B-811D9FEA89EF}.Release|Any CPU.ActiveCfg = Release|Any CPU
		{E13CA7E1-11F9-41AB-940B-811D9FEA89EF}.Release|Any CPU.Build.0 = Release|Any CPU
		{E13CA7E1-11F9-41AB-940B-811D9FEA89EF}.Release|x64.ActiveCfg = Release|Any CPU
		{E13CA7E1-11F9-41AB-940B-811D9FEA89EF}.Release|x64.Build.0 = Release|Any CPU
		{E13CA7E1-11F9-41AB-940B-811D9FEA89EF}.Release|x86.ActiveCfg = Release|Any CPU
		{E13CA7E1-11F9-41AB-940B-811D9FEA89EF}.Release|x86.Build.0 = Release|Any CPU
		{B5C0843E-8A0D-4EA9-B97C-0A9A8938F5CD}.Debug|Any CPU.ActiveCfg = Debug|Any CPU
		{B5C0843E-8A0D-4EA9-B97C-0A9A8938F5CD}.Debug|Any CPU.Build.0 = Debug|Any CPU
		{B5C0843E-8A0D-4EA9-B97C-0A9A8938F5CD}.Debug|x64.ActiveCfg = Debug|Any CPU
		{B5C0843E-8A0D-4EA9-B97C-0A9A8938F5CD}.Debug|x64.Build.0 = Debug|Any CPU
		{B5C0843E-8A0D-4EA9-B97C-0A9A8938F5CD}.Debug|x86.ActiveCfg = Debug|Any CPU
		{B5C0843E-8A0D-4EA9-B97C-0A9A8938F5CD}.Debug|x86.Build.0 = Debug|Any CPU
		{B5C0843E-8A0D-4EA9-B97C-0A9A8938F5CD}.Release|Any CPU.ActiveCfg = Release|Any CPU
		{B5C0843E-8A0D-4EA9-B97C-0A9A8938F5CD}.Release|Any CPU.Build.0 = Release|Any CPU
		{B5C0843E-8A0D-4EA9-B97C-0A9A8938F5CD}.Release|x64.ActiveCfg = Release|Any CPU
		{B5C0843E-8A0D-4EA9-B97C-0A9A8938F5CD}.Release|x64.Build.0 = Release|Any CPU
		{B5C0843E-8A0D-4EA9-B97C-0A9A8938F5CD}.Release|x86.ActiveCfg = Release|Any CPU
		{B5C0843E-8A0D-4EA9-B97C-0A9A8938F5CD}.Release|x86.Build.0 = Release|Any CPU
		{72A3B188-5363-43AF-B28A-6CCD7EAD6C5A}.Debug|Any CPU.ActiveCfg = Debug|Any CPU
		{72A3B188-5363-43AF-B28A-6CCD7EAD6C5A}.Debug|Any CPU.Build.0 = Debug|Any CPU
		{72A3B188-5363-43AF-B28A-6CCD7EAD6C5A}.Debug|x64.ActiveCfg = Debug|Any CPU
		{72A3B188-5363-43AF-B28A-6CCD7EAD6C5A}.Debug|x64.Build.0 = Debug|Any CPU
		{72A3B188-5363-43AF-B28A-6CCD7EAD6C5A}.Debug|x86.ActiveCfg = Debug|Any CPU
		{72A3B188-5363-43AF-B28A-6CCD7EAD6C5A}.Debug|x86.Build.0 = Debug|Any CPU
		{72A3B188-5363-43AF-B28A-6CCD7EAD6C5A}.Release|Any CPU.ActiveCfg = Release|Any CPU
		{72A3B188-5363-43AF-B28A-6CCD7EAD6C5A}.Release|Any CPU.Build.0 = Release|Any CPU
		{72A3B188-5363-43AF-B28A-6CCD7EAD6C5A}.Release|x64.ActiveCfg = Release|Any CPU
		{72A3B188-5363-43AF-B28A-6CCD7EAD6C5A}.Release|x64.Build.0 = Release|Any CPU
		{72A3B188-5363-43AF-B28A-6CCD7EAD6C5A}.Release|x86.ActiveCfg = Release|Any CPU
		{72A3B188-5363-43AF-B28A-6CCD7EAD6C5A}.Release|x86.Build.0 = Release|Any CPU
		{A64D8452-38BE-4354-A430-0345CE98BC6E}.Debug|Any CPU.ActiveCfg = Debug|Any CPU
		{A64D8452-38BE-4354-A430-0345CE98BC6E}.Debug|Any CPU.Build.0 = Debug|Any CPU
		{A64D8452-38BE-4354-A430-0345CE98BC6E}.Debug|x64.ActiveCfg = Debug|Any CPU
		{A64D8452-38BE-4354-A430-0345CE98BC6E}.Debug|x64.Build.0 = Debug|Any CPU
		{A64D8452-38BE-4354-A430-0345CE98BC6E}.Debug|x86.ActiveCfg = Debug|Any CPU
		{A64D8452-38BE-4354-A430-0345CE98BC6E}.Debug|x86.Build.0 = Debug|Any CPU
		{A64D8452-38BE-4354-A430-0345CE98BC6E}.Release|Any CPU.ActiveCfg = Release|Any CPU
		{A64D8452-38BE-4354-A430-0345CE98BC6E}.Release|Any CPU.Build.0 = Release|Any CPU
		{A64D8452-38BE-4354-A430-0345CE98BC6E}.Release|x64.ActiveCfg = Release|Any CPU
		{A64D8452-38BE-4354-A430-0345CE98BC6E}.Release|x64.Build.0 = Release|Any CPU
		{A64D8452-38BE-4354-A430-0345CE98BC6E}.Release|x86.ActiveCfg = Release|Any CPU
		{A64D8452-38BE-4354-A430-0345CE98BC6E}.Release|x86.Build.0 = Release|Any CPU
		{04EA0E26-FF58-40A2-82CF-E1FCDC6F61FD}.Debug|Any CPU.ActiveCfg = Debug|Any CPU
		{04EA0E26-FF58-40A2-82CF-E1FCDC6F61FD}.Debug|Any CPU.Build.0 = Debug|Any CPU
		{04EA0E26-FF58-40A2-82CF-E1FCDC6F61FD}.Debug|x64.ActiveCfg = Debug|Any CPU
		{04EA0E26-FF58-40A2-82CF-E1FCDC6F61FD}.Debug|x64.Build.0 = Debug|Any CPU
		{04EA0E26-FF58-40A2-82CF-E1FCDC6F61FD}.Debug|x86.ActiveCfg = Debug|Any CPU
		{04EA0E26-FF58-40A2-82CF-E1FCDC6F61FD}.Debug|x86.Build.0 = Debug|Any CPU
		{04EA0E26-FF58-40A2-82CF-E1FCDC6F61FD}.Release|Any CPU.ActiveCfg = Release|Any CPU
		{04EA0E26-FF58-40A2-82CF-E1FCDC6F61FD}.Release|Any CPU.Build.0 = Release|Any CPU
		{04EA0E26-FF58-40A2-82CF-E1FCDC6F61FD}.Release|x64.ActiveCfg = Release|Any CPU
		{04EA0E26-FF58-40A2-82CF-E1FCDC6F61FD}.Release|x64.Build.0 = Release|Any CPU
		{04EA0E26-FF58-40A2-82CF-E1FCDC6F61FD}.Release|x86.ActiveCfg = Release|Any CPU
		{04EA0E26-FF58-40A2-82CF-E1FCDC6F61FD}.Release|x86.Build.0 = Release|Any CPU
		{6B9018FD-F228-4940-8277-86DEE1D5BB71}.Debug|Any CPU.ActiveCfg = Debug|Any CPU
		{6B9018FD-F228-4940-8277-86DEE1D5BB71}.Debug|Any CPU.Build.0 = Debug|Any CPU
		{6B9018FD-F228-4940-8277-86DEE1D5BB71}.Debug|x64.ActiveCfg = Debug|Any CPU
		{6B9018FD-F228-4940-8277-86DEE1D5BB71}.Debug|x64.Build.0 = Debug|Any CPU
		{6B9018FD-F228-4940-8277-86DEE1D5BB71}.Debug|x86.ActiveCfg = Debug|Any CPU
		{6B9018FD-F228-4940-8277-86DEE1D5BB71}.Debug|x86.Build.0 = Debug|Any CPU
		{6B9018FD-F228-4940-8277-86DEE1D5BB71}.Release|Any CPU.ActiveCfg = Release|Any CPU
		{6B9018FD-F228-4940-8277-86DEE1D5BB71}.Release|Any CPU.Build.0 = Release|Any CPU
		{6B9018FD-F228-4940-8277-86DEE1D5BB71}.Release|x64.ActiveCfg = Release|Any CPU
		{6B9018FD-F228-4940-8277-86DEE1D5BB71}.Release|x64.Build.0 = Release|Any CPU
		{6B9018FD-F228-4940-8277-86DEE1D5BB71}.Release|x86.ActiveCfg = Release|Any CPU
		{6B9018FD-F228-4940-8277-86DEE1D5BB71}.Release|x86.Build.0 = Release|Any CPU
		{090FB92F-CFC1-4056-A66B-9BAC0B998268}.Debug|Any CPU.ActiveCfg = Debug|Any CPU
		{090FB92F-CFC1-4056-A66B-9BAC0B998268}.Debug|Any CPU.Build.0 = Debug|Any CPU
		{090FB92F-CFC1-4056-A66B-9BAC0B998268}.Debug|x64.ActiveCfg = Debug|Any CPU
		{090FB92F-CFC1-4056-A66B-9BAC0B998268}.Debug|x64.Build.0 = Debug|Any CPU
		{090FB92F-CFC1-4056-A66B-9BAC0B998268}.Debug|x86.ActiveCfg = Debug|Any CPU
		{090FB92F-CFC1-4056-A66B-9BAC0B998268}.Debug|x86.Build.0 = Debug|Any CPU
		{090FB92F-CFC1-4056-A66B-9BAC0B998268}.Release|Any CPU.ActiveCfg = Release|Any CPU
		{090FB92F-CFC1-4056-A66B-9BAC0B998268}.Release|Any CPU.Build.0 = Release|Any CPU
		{090FB92F-CFC1-4056-A66B-9BAC0B998268}.Release|x64.ActiveCfg = Release|Any CPU
		{090FB92F-CFC1-4056-A66B-9BAC0B998268}.Release|x64.Build.0 = Release|Any CPU
		{090FB92F-CFC1-4056-A66B-9BAC0B998268}.Release|x86.ActiveCfg = Release|Any CPU
		{090FB92F-CFC1-4056-A66B-9BAC0B998268}.Release|x86.Build.0 = Release|Any CPU
		{DD091848-C7B9-4715-B24B-47D1E636E77B}.Debug|Any CPU.ActiveCfg = Debug|Any CPU
		{DD091848-C7B9-4715-B24B-47D1E636E77B}.Debug|Any CPU.Build.0 = Debug|Any CPU
		{DD091848-C7B9-4715-B24B-47D1E636E77B}.Debug|x64.ActiveCfg = Debug|Any CPU
		{DD091848-C7B9-4715-B24B-47D1E636E77B}.Debug|x64.Build.0 = Debug|Any CPU
		{DD091848-C7B9-4715-B24B-47D1E636E77B}.Debug|x86.ActiveCfg = Debug|Any CPU
		{DD091848-C7B9-4715-B24B-47D1E636E77B}.Debug|x86.Build.0 = Debug|Any CPU
		{DD091848-C7B9-4715-B24B-47D1E636E77B}.Release|Any CPU.ActiveCfg = Release|Any CPU
		{DD091848-C7B9-4715-B24B-47D1E636E77B}.Release|Any CPU.Build.0 = Release|Any CPU
		{DD091848-C7B9-4715-B24B-47D1E636E77B}.Release|x64.ActiveCfg = Release|Any CPU
		{DD091848-C7B9-4715-B24B-47D1E636E77B}.Release|x64.Build.0 = Release|Any CPU
		{DD091848-C7B9-4715-B24B-47D1E636E77B}.Release|x86.ActiveCfg = Release|Any CPU
		{DD091848-C7B9-4715-B24B-47D1E636E77B}.Release|x86.Build.0 = Release|Any CPU
		{C2D4730E-7199-480D-BA68-7C5E4022F87D}.Debug|Any CPU.ActiveCfg = Debug|Any CPU
		{C2D4730E-7199-480D-BA68-7C5E4022F87D}.Debug|Any CPU.Build.0 = Debug|Any CPU
		{C2D4730E-7199-480D-BA68-7C5E4022F87D}.Debug|x64.ActiveCfg = Debug|Any CPU
		{C2D4730E-7199-480D-BA68-7C5E4022F87D}.Debug|x64.Build.0 = Debug|Any CPU
		{C2D4730E-7199-480D-BA68-7C5E4022F87D}.Debug|x86.ActiveCfg = Debug|Any CPU
		{C2D4730E-7199-480D-BA68-7C5E4022F87D}.Debug|x86.Build.0 = Debug|Any CPU
		{C2D4730E-7199-480D-BA68-7C5E4022F87D}.Release|Any CPU.ActiveCfg = Release|Any CPU
		{C2D4730E-7199-480D-BA68-7C5E4022F87D}.Release|Any CPU.Build.0 = Release|Any CPU
		{C2D4730E-7199-480D-BA68-7C5E4022F87D}.Release|x64.ActiveCfg = Release|Any CPU
		{C2D4730E-7199-480D-BA68-7C5E4022F87D}.Release|x64.Build.0 = Release|Any CPU
		{C2D4730E-7199-480D-BA68-7C5E4022F87D}.Release|x86.ActiveCfg = Release|Any CPU
		{C2D4730E-7199-480D-BA68-7C5E4022F87D}.Release|x86.Build.0 = Release|Any CPU
		{ABDA65DB-AE35-4ABD-A79C-E28E0FB2A67C}.Debug|Any CPU.ActiveCfg = Debug|Any CPU
		{ABDA65DB-AE35-4ABD-A79C-E28E0FB2A67C}.Debug|Any CPU.Build.0 = Debug|Any CPU
		{ABDA65DB-AE35-4ABD-A79C-E28E0FB2A67C}.Debug|x64.ActiveCfg = Debug|Any CPU
		{ABDA65DB-AE35-4ABD-A79C-E28E0FB2A67C}.Debug|x64.Build.0 = Debug|Any CPU
		{ABDA65DB-AE35-4ABD-A79C-E28E0FB2A67C}.Debug|x86.ActiveCfg = Debug|Any CPU
		{ABDA65DB-AE35-4ABD-A79C-E28E0FB2A67C}.Debug|x86.Build.0 = Debug|Any CPU
		{ABDA65DB-AE35-4ABD-A79C-E28E0FB2A67C}.Release|Any CPU.ActiveCfg = Release|Any CPU
		{ABDA65DB-AE35-4ABD-A79C-E28E0FB2A67C}.Release|Any CPU.Build.0 = Release|Any CPU
		{ABDA65DB-AE35-4ABD-A79C-E28E0FB2A67C}.Release|x64.ActiveCfg = Release|Any CPU
		{ABDA65DB-AE35-4ABD-A79C-E28E0FB2A67C}.Release|x64.Build.0 = Release|Any CPU
		{ABDA65DB-AE35-4ABD-A79C-E28E0FB2A67C}.Release|x86.ActiveCfg = Release|Any CPU
		{ABDA65DB-AE35-4ABD-A79C-E28E0FB2A67C}.Release|x86.Build.0 = Release|Any CPU
		{CC624943-8873-4189-8397-297F68AE8358}.Debug|Any CPU.ActiveCfg = Debug|Any CPU
		{CC624943-8873-4189-8397-297F68AE8358}.Debug|Any CPU.Build.0 = Debug|Any CPU
		{CC624943-8873-4189-8397-297F68AE8358}.Debug|x64.ActiveCfg = Debug|Any CPU
		{CC624943-8873-4189-8397-297F68AE8358}.Debug|x64.Build.0 = Debug|Any CPU
		{CC624943-8873-4189-8397-297F68AE8358}.Debug|x86.ActiveCfg = Debug|Any CPU
		{CC624943-8873-4189-8397-297F68AE8358}.Debug|x86.Build.0 = Debug|Any CPU
		{CC624943-8873-4189-8397-297F68AE8358}.Release|Any CPU.ActiveCfg = Release|Any CPU
		{CC624943-8873-4189-8397-297F68AE8358}.Release|Any CPU.Build.0 = Release|Any CPU
		{CC624943-8873-4189-8397-297F68AE8358}.Release|x64.ActiveCfg = Release|Any CPU
		{CC624943-8873-4189-8397-297F68AE8358}.Release|x64.Build.0 = Release|Any CPU
		{CC624943-8873-4189-8397-297F68AE8358}.Release|x86.ActiveCfg = Release|Any CPU
		{CC624943-8873-4189-8397-297F68AE8358}.Release|x86.Build.0 = Release|Any CPU
		{CD172833-4234-41F9-978D-63216D521F71}.Debug|Any CPU.ActiveCfg = Debug|Any CPU
		{CD172833-4234-41F9-978D-63216D521F71}.Debug|Any CPU.Build.0 = Debug|Any CPU
		{CD172833-4234-41F9-978D-63216D521F71}.Debug|x64.ActiveCfg = Debug|Any CPU
		{CD172833-4234-41F9-978D-63216D521F71}.Debug|x64.Build.0 = Debug|Any CPU
		{CD172833-4234-41F9-978D-63216D521F71}.Debug|x86.ActiveCfg = Debug|Any CPU
		{CD172833-4234-41F9-978D-63216D521F71}.Debug|x86.Build.0 = Debug|Any CPU
		{CD172833-4234-41F9-978D-63216D521F71}.Release|Any CPU.ActiveCfg = Release|Any CPU
		{CD172833-4234-41F9-978D-63216D521F71}.Release|Any CPU.Build.0 = Release|Any CPU
		{CD172833-4234-41F9-978D-63216D521F71}.Release|x64.ActiveCfg = Release|Any CPU
		{CD172833-4234-41F9-978D-63216D521F71}.Release|x64.Build.0 = Release|Any CPU
		{CD172833-4234-41F9-978D-63216D521F71}.Release|x86.ActiveCfg = Release|Any CPU
		{CD172833-4234-41F9-978D-63216D521F71}.Release|x86.Build.0 = Release|Any CPU
		{6F4ED596-3AFC-4810-BDAC-1A4DDA18E71F}.Debug|Any CPU.ActiveCfg = Debug|Any CPU
		{6F4ED596-3AFC-4810-BDAC-1A4DDA18E71F}.Debug|Any CPU.Build.0 = Debug|Any CPU
		{6F4ED596-3AFC-4810-BDAC-1A4DDA18E71F}.Debug|x64.ActiveCfg = Debug|Any CPU
		{6F4ED596-3AFC-4810-BDAC-1A4DDA18E71F}.Debug|x64.Build.0 = Debug|Any CPU
		{6F4ED596-3AFC-4810-BDAC-1A4DDA18E71F}.Debug|x86.ActiveCfg = Debug|Any CPU
		{6F4ED596-3AFC-4810-BDAC-1A4DDA18E71F}.Debug|x86.Build.0 = Debug|Any CPU
		{6F4ED596-3AFC-4810-BDAC-1A4DDA18E71F}.Release|Any CPU.ActiveCfg = Release|Any CPU
		{6F4ED596-3AFC-4810-BDAC-1A4DDA18E71F}.Release|Any CPU.Build.0 = Release|Any CPU
		{6F4ED596-3AFC-4810-BDAC-1A4DDA18E71F}.Release|x64.ActiveCfg = Release|Any CPU
		{6F4ED596-3AFC-4810-BDAC-1A4DDA18E71F}.Release|x64.Build.0 = Release|Any CPU
		{6F4ED596-3AFC-4810-BDAC-1A4DDA18E71F}.Release|x86.ActiveCfg = Release|Any CPU
		{6F4ED596-3AFC-4810-BDAC-1A4DDA18E71F}.Release|x86.Build.0 = Release|Any CPU
		{0E4DF120-A22E-4579-9066-C33C41F4D3AF}.Debug|Any CPU.ActiveCfg = Debug|Any CPU
		{0E4DF120-A22E-4579-9066-C33C41F4D3AF}.Debug|Any CPU.Build.0 = Debug|Any CPU
		{0E4DF120-A22E-4579-9066-C33C41F4D3AF}.Debug|x64.ActiveCfg = Debug|Any CPU
		{0E4DF120-A22E-4579-9066-C33C41F4D3AF}.Debug|x64.Build.0 = Debug|Any CPU
		{0E4DF120-A22E-4579-9066-C33C41F4D3AF}.Debug|x86.ActiveCfg = Debug|Any CPU
		{0E4DF120-A22E-4579-9066-C33C41F4D3AF}.Debug|x86.Build.0 = Debug|Any CPU
		{0E4DF120-A22E-4579-9066-C33C41F4D3AF}.Release|Any CPU.ActiveCfg = Release|Any CPU
		{0E4DF120-A22E-4579-9066-C33C41F4D3AF}.Release|Any CPU.Build.0 = Release|Any CPU
		{0E4DF120-A22E-4579-9066-C33C41F4D3AF}.Release|x64.ActiveCfg = Release|Any CPU
		{0E4DF120-A22E-4579-9066-C33C41F4D3AF}.Release|x64.Build.0 = Release|Any CPU
		{0E4DF120-A22E-4579-9066-C33C41F4D3AF}.Release|x86.ActiveCfg = Release|Any CPU
		{0E4DF120-A22E-4579-9066-C33C41F4D3AF}.Release|x86.Build.0 = Release|Any CPU
		{5AA3F4BE-D25B-409B-8E99-233206066EC8}.Debug|Any CPU.ActiveCfg = Debug|Any CPU
		{5AA3F4BE-D25B-409B-8E99-233206066EC8}.Debug|Any CPU.Build.0 = Debug|Any CPU
		{5AA3F4BE-D25B-409B-8E99-233206066EC8}.Debug|x64.ActiveCfg = Debug|Any CPU
		{5AA3F4BE-D25B-409B-8E99-233206066EC8}.Debug|x64.Build.0 = Debug|Any CPU
		{5AA3F4BE-D25B-409B-8E99-233206066EC8}.Debug|x86.ActiveCfg = Debug|Any CPU
		{5AA3F4BE-D25B-409B-8E99-233206066EC8}.Debug|x86.Build.0 = Debug|Any CPU
		{5AA3F4BE-D25B-409B-8E99-233206066EC8}.Release|Any CPU.ActiveCfg = Release|Any CPU
		{5AA3F4BE-D25B-409B-8E99-233206066EC8}.Release|Any CPU.Build.0 = Release|Any CPU
		{5AA3F4BE-D25B-409B-8E99-233206066EC8}.Release|x64.ActiveCfg = Release|Any CPU
		{5AA3F4BE-D25B-409B-8E99-233206066EC8}.Release|x64.Build.0 = Release|Any CPU
		{5AA3F4BE-D25B-409B-8E99-233206066EC8}.Release|x86.ActiveCfg = Release|Any CPU
		{5AA3F4BE-D25B-409B-8E99-233206066EC8}.Release|x86.Build.0 = Release|Any CPU
		{96F778CD-3884-4FA7-946E-2F2DD6CBB411}.Debug|Any CPU.ActiveCfg = Debug|Any CPU
		{96F778CD-3884-4FA7-946E-2F2DD6CBB411}.Debug|Any CPU.Build.0 = Debug|Any CPU
		{96F778CD-3884-4FA7-946E-2F2DD6CBB411}.Debug|x64.ActiveCfg = Debug|Any CPU
		{96F778CD-3884-4FA7-946E-2F2DD6CBB411}.Debug|x64.Build.0 = Debug|Any CPU
		{96F778CD-3884-4FA7-946E-2F2DD6CBB411}.Debug|x86.ActiveCfg = Debug|Any CPU
		{96F778CD-3884-4FA7-946E-2F2DD6CBB411}.Debug|x86.Build.0 = Debug|Any CPU
		{96F778CD-3884-4FA7-946E-2F2DD6CBB411}.Release|Any CPU.ActiveCfg = Release|Any CPU
		{96F778CD-3884-4FA7-946E-2F2DD6CBB411}.Release|Any CPU.Build.0 = Release|Any CPU
		{96F778CD-3884-4FA7-946E-2F2DD6CBB411}.Release|x64.ActiveCfg = Release|Any CPU
		{96F778CD-3884-4FA7-946E-2F2DD6CBB411}.Release|x64.Build.0 = Release|Any CPU
		{96F778CD-3884-4FA7-946E-2F2DD6CBB411}.Release|x86.ActiveCfg = Release|Any CPU
		{96F778CD-3884-4FA7-946E-2F2DD6CBB411}.Release|x86.Build.0 = Release|Any CPU
		{5EF761FF-B37C-41AD-BA0E-7864221B4946}.Debug|Any CPU.ActiveCfg = Debug|Any CPU
		{5EF761FF-B37C-41AD-BA0E-7864221B4946}.Debug|Any CPU.Build.0 = Debug|Any CPU
		{5EF761FF-B37C-41AD-BA0E-7864221B4946}.Debug|x64.ActiveCfg = Debug|Any CPU
		{5EF761FF-B37C-41AD-BA0E-7864221B4946}.Debug|x64.Build.0 = Debug|Any CPU
		{5EF761FF-B37C-41AD-BA0E-7864221B4946}.Debug|x86.ActiveCfg = Debug|Any CPU
		{5EF761FF-B37C-41AD-BA0E-7864221B4946}.Debug|x86.Build.0 = Debug|Any CPU
		{5EF761FF-B37C-41AD-BA0E-7864221B4946}.Release|Any CPU.ActiveCfg = Release|Any CPU
		{5EF761FF-B37C-41AD-BA0E-7864221B4946}.Release|Any CPU.Build.0 = Release|Any CPU
		{5EF761FF-B37C-41AD-BA0E-7864221B4946}.Release|x64.ActiveCfg = Release|Any CPU
		{5EF761FF-B37C-41AD-BA0E-7864221B4946}.Release|x64.Build.0 = Release|Any CPU
		{5EF761FF-B37C-41AD-BA0E-7864221B4946}.Release|x86.ActiveCfg = Release|Any CPU
		{5EF761FF-B37C-41AD-BA0E-7864221B4946}.Release|x86.Build.0 = Release|Any CPU
		{99997B6D-82B5-48FF-ACF9-63095867BDBD}.Debug|Any CPU.ActiveCfg = Debug|Any CPU
		{99997B6D-82B5-48FF-ACF9-63095867BDBD}.Debug|Any CPU.Build.0 = Debug|Any CPU
		{99997B6D-82B5-48FF-ACF9-63095867BDBD}.Debug|x64.ActiveCfg = Debug|Any CPU
		{99997B6D-82B5-48FF-ACF9-63095867BDBD}.Debug|x64.Build.0 = Debug|Any CPU
		{99997B6D-82B5-48FF-ACF9-63095867BDBD}.Debug|x86.ActiveCfg = Debug|Any CPU
		{99997B6D-82B5-48FF-ACF9-63095867BDBD}.Debug|x86.Build.0 = Debug|Any CPU
		{99997B6D-82B5-48FF-ACF9-63095867BDBD}.Release|Any CPU.ActiveCfg = Release|Any CPU
		{99997B6D-82B5-48FF-ACF9-63095867BDBD}.Release|Any CPU.Build.0 = Release|Any CPU
		{99997B6D-82B5-48FF-ACF9-63095867BDBD}.Release|x64.ActiveCfg = Release|Any CPU
		{99997B6D-82B5-48FF-ACF9-63095867BDBD}.Release|x64.Build.0 = Release|Any CPU
		{99997B6D-82B5-48FF-ACF9-63095867BDBD}.Release|x86.ActiveCfg = Release|Any CPU
		{99997B6D-82B5-48FF-ACF9-63095867BDBD}.Release|x86.Build.0 = Release|Any CPU
		{82B10B89-4F6B-4202-AB26-528C988C33B5}.Debug|Any CPU.ActiveCfg = Debug|Any CPU
		{82B10B89-4F6B-4202-AB26-528C988C33B5}.Debug|Any CPU.Build.0 = Debug|Any CPU
		{82B10B89-4F6B-4202-AB26-528C988C33B5}.Debug|x64.ActiveCfg = Debug|Any CPU
		{82B10B89-4F6B-4202-AB26-528C988C33B5}.Debug|x64.Build.0 = Debug|Any CPU
		{82B10B89-4F6B-4202-AB26-528C988C33B5}.Debug|x86.ActiveCfg = Debug|Any CPU
		{82B10B89-4F6B-4202-AB26-528C988C33B5}.Debug|x86.Build.0 = Debug|Any CPU
		{82B10B89-4F6B-4202-AB26-528C988C33B5}.Release|Any CPU.ActiveCfg = Release|Any CPU
		{82B10B89-4F6B-4202-AB26-528C988C33B5}.Release|Any CPU.Build.0 = Release|Any CPU
		{82B10B89-4F6B-4202-AB26-528C988C33B5}.Release|x64.ActiveCfg = Release|Any CPU
		{82B10B89-4F6B-4202-AB26-528C988C33B5}.Release|x64.Build.0 = Release|Any CPU
		{82B10B89-4F6B-4202-AB26-528C988C33B5}.Release|x86.ActiveCfg = Release|Any CPU
		{82B10B89-4F6B-4202-AB26-528C988C33B5}.Release|x86.Build.0 = Release|Any CPU
		{B8D0836C-2C07-4672-85D9-E071A4FC0EF3}.Debug|Any CPU.ActiveCfg = Debug|Any CPU
		{B8D0836C-2C07-4672-85D9-E071A4FC0EF3}.Debug|Any CPU.Build.0 = Debug|Any CPU
		{B8D0836C-2C07-4672-85D9-E071A4FC0EF3}.Debug|x64.ActiveCfg = Debug|Any CPU
		{B8D0836C-2C07-4672-85D9-E071A4FC0EF3}.Debug|x64.Build.0 = Debug|Any CPU
		{B8D0836C-2C07-4672-85D9-E071A4FC0EF3}.Debug|x86.ActiveCfg = Debug|Any CPU
		{B8D0836C-2C07-4672-85D9-E071A4FC0EF3}.Debug|x86.Build.0 = Debug|Any CPU
		{B8D0836C-2C07-4672-85D9-E071A4FC0EF3}.Release|Any CPU.ActiveCfg = Release|Any CPU
		{B8D0836C-2C07-4672-85D9-E071A4FC0EF3}.Release|Any CPU.Build.0 = Release|Any CPU
		{B8D0836C-2C07-4672-85D9-E071A4FC0EF3}.Release|x64.ActiveCfg = Release|Any CPU
		{B8D0836C-2C07-4672-85D9-E071A4FC0EF3}.Release|x64.Build.0 = Release|Any CPU
		{B8D0836C-2C07-4672-85D9-E071A4FC0EF3}.Release|x86.ActiveCfg = Release|Any CPU
		{B8D0836C-2C07-4672-85D9-E071A4FC0EF3}.Release|x86.Build.0 = Release|Any CPU
		{A8ECB9AD-598F-4824-A3D7-9FEC597A37F5}.Debug|Any CPU.ActiveCfg = Debug|Any CPU
		{A8ECB9AD-598F-4824-A3D7-9FEC597A37F5}.Debug|Any CPU.Build.0 = Debug|Any CPU
		{A8ECB9AD-598F-4824-A3D7-9FEC597A37F5}.Debug|x64.ActiveCfg = Debug|Any CPU
		{A8ECB9AD-598F-4824-A3D7-9FEC597A37F5}.Debug|x64.Build.0 = Debug|Any CPU
		{A8ECB9AD-598F-4824-A3D7-9FEC597A37F5}.Debug|x86.ActiveCfg = Debug|Any CPU
		{A8ECB9AD-598F-4824-A3D7-9FEC597A37F5}.Debug|x86.Build.0 = Debug|Any CPU
		{A8ECB9AD-598F-4824-A3D7-9FEC597A37F5}.Release|Any CPU.ActiveCfg = Release|Any CPU
		{A8ECB9AD-598F-4824-A3D7-9FEC597A37F5}.Release|Any CPU.Build.0 = Release|Any CPU
		{A8ECB9AD-598F-4824-A3D7-9FEC597A37F5}.Release|x64.ActiveCfg = Release|Any CPU
		{A8ECB9AD-598F-4824-A3D7-9FEC597A37F5}.Release|x64.Build.0 = Release|Any CPU
		{A8ECB9AD-598F-4824-A3D7-9FEC597A37F5}.Release|x86.ActiveCfg = Release|Any CPU
		{A8ECB9AD-598F-4824-A3D7-9FEC597A37F5}.Release|x86.Build.0 = Release|Any CPU
		{70F3B854-47E4-4527-8CEB-008238D94C9C}.Debug|Any CPU.ActiveCfg = Debug|Any CPU
		{70F3B854-47E4-4527-8CEB-008238D94C9C}.Debug|Any CPU.Build.0 = Debug|Any CPU
		{70F3B854-47E4-4527-8CEB-008238D94C9C}.Debug|x64.ActiveCfg = Debug|Any CPU
		{70F3B854-47E4-4527-8CEB-008238D94C9C}.Debug|x64.Build.0 = Debug|Any CPU
		{70F3B854-47E4-4527-8CEB-008238D94C9C}.Debug|x86.ActiveCfg = Debug|Any CPU
		{70F3B854-47E4-4527-8CEB-008238D94C9C}.Debug|x86.Build.0 = Debug|Any CPU
		{70F3B854-47E4-4527-8CEB-008238D94C9C}.Release|Any CPU.ActiveCfg = Release|Any CPU
		{70F3B854-47E4-4527-8CEB-008238D94C9C}.Release|Any CPU.Build.0 = Release|Any CPU
		{70F3B854-47E4-4527-8CEB-008238D94C9C}.Release|x64.ActiveCfg = Release|Any CPU
		{70F3B854-47E4-4527-8CEB-008238D94C9C}.Release|x64.Build.0 = Release|Any CPU
		{70F3B854-47E4-4527-8CEB-008238D94C9C}.Release|x86.ActiveCfg = Release|Any CPU
		{70F3B854-47E4-4527-8CEB-008238D94C9C}.Release|x86.Build.0 = Release|Any CPU
		{1FA1172D-1B16-4BF0-83DB-CBE701D645DF}.Debug|Any CPU.ActiveCfg = Debug|Any CPU
		{1FA1172D-1B16-4BF0-83DB-CBE701D645DF}.Debug|Any CPU.Build.0 = Debug|Any CPU
		{1FA1172D-1B16-4BF0-83DB-CBE701D645DF}.Debug|x64.ActiveCfg = Debug|Any CPU
		{1FA1172D-1B16-4BF0-83DB-CBE701D645DF}.Debug|x64.Build.0 = Debug|Any CPU
		{1FA1172D-1B16-4BF0-83DB-CBE701D645DF}.Debug|x86.ActiveCfg = Debug|Any CPU
		{1FA1172D-1B16-4BF0-83DB-CBE701D645DF}.Debug|x86.Build.0 = Debug|Any CPU
		{1FA1172D-1B16-4BF0-83DB-CBE701D645DF}.Release|Any CPU.ActiveCfg = Release|Any CPU
		{1FA1172D-1B16-4BF0-83DB-CBE701D645DF}.Release|Any CPU.Build.0 = Release|Any CPU
		{1FA1172D-1B16-4BF0-83DB-CBE701D645DF}.Release|x64.ActiveCfg = Release|Any CPU
		{1FA1172D-1B16-4BF0-83DB-CBE701D645DF}.Release|x64.Build.0 = Release|Any CPU
		{1FA1172D-1B16-4BF0-83DB-CBE701D645DF}.Release|x86.ActiveCfg = Release|Any CPU
		{1FA1172D-1B16-4BF0-83DB-CBE701D645DF}.Release|x86.Build.0 = Release|Any CPU
		{21E502CD-0806-452F-ADC6-53B3E13ABC85}.Debug|Any CPU.ActiveCfg = Debug|Any CPU
		{21E502CD-0806-452F-ADC6-53B3E13ABC85}.Debug|Any CPU.Build.0 = Debug|Any CPU
		{21E502CD-0806-452F-ADC6-53B3E13ABC85}.Debug|x64.ActiveCfg = Debug|Any CPU
		{21E502CD-0806-452F-ADC6-53B3E13ABC85}.Debug|x64.Build.0 = Debug|Any CPU
		{21E502CD-0806-452F-ADC6-53B3E13ABC85}.Debug|x86.ActiveCfg = Debug|Any CPU
		{21E502CD-0806-452F-ADC6-53B3E13ABC85}.Debug|x86.Build.0 = Debug|Any CPU
		{21E502CD-0806-452F-ADC6-53B3E13ABC85}.Release|Any CPU.ActiveCfg = Release|Any CPU
		{21E502CD-0806-452F-ADC6-53B3E13ABC85}.Release|Any CPU.Build.0 = Release|Any CPU
		{21E502CD-0806-452F-ADC6-53B3E13ABC85}.Release|x64.ActiveCfg = Release|Any CPU
		{21E502CD-0806-452F-ADC6-53B3E13ABC85}.Release|x64.Build.0 = Release|Any CPU
		{21E502CD-0806-452F-ADC6-53B3E13ABC85}.Release|x86.ActiveCfg = Release|Any CPU
		{21E502CD-0806-452F-ADC6-53B3E13ABC85}.Release|x86.Build.0 = Release|Any CPU
		{47822102-0F55-4B06-A709-108C8063E876}.Debug|Any CPU.ActiveCfg = Debug|Any CPU
		{47822102-0F55-4B06-A709-108C8063E876}.Debug|Any CPU.Build.0 = Debug|Any CPU
		{47822102-0F55-4B06-A709-108C8063E876}.Debug|x64.ActiveCfg = Debug|Any CPU
		{47822102-0F55-4B06-A709-108C8063E876}.Debug|x64.Build.0 = Debug|Any CPU
		{47822102-0F55-4B06-A709-108C8063E876}.Debug|x86.ActiveCfg = Debug|Any CPU
		{47822102-0F55-4B06-A709-108C8063E876}.Debug|x86.Build.0 = Debug|Any CPU
		{47822102-0F55-4B06-A709-108C8063E876}.Release|Any CPU.ActiveCfg = Release|Any CPU
		{47822102-0F55-4B06-A709-108C8063E876}.Release|Any CPU.Build.0 = Release|Any CPU
		{47822102-0F55-4B06-A709-108C8063E876}.Release|x64.ActiveCfg = Release|Any CPU
		{47822102-0F55-4B06-A709-108C8063E876}.Release|x64.Build.0 = Release|Any CPU
		{47822102-0F55-4B06-A709-108C8063E876}.Release|x86.ActiveCfg = Release|Any CPU
		{47822102-0F55-4B06-A709-108C8063E876}.Release|x86.Build.0 = Release|Any CPU
		{5109BF6D-CB6F-46E1-A6C9-AF75E5FA4024}.Debug|Any CPU.ActiveCfg = Debug|Any CPU
		{5109BF6D-CB6F-46E1-A6C9-AF75E5FA4024}.Debug|Any CPU.Build.0 = Debug|Any CPU
		{5109BF6D-CB6F-46E1-A6C9-AF75E5FA4024}.Debug|x64.ActiveCfg = Debug|Any CPU
		{5109BF6D-CB6F-46E1-A6C9-AF75E5FA4024}.Debug|x64.Build.0 = Debug|Any CPU
		{5109BF6D-CB6F-46E1-A6C9-AF75E5FA4024}.Debug|x86.ActiveCfg = Debug|Any CPU
		{5109BF6D-CB6F-46E1-A6C9-AF75E5FA4024}.Debug|x86.Build.0 = Debug|Any CPU
		{5109BF6D-CB6F-46E1-A6C9-AF75E5FA4024}.Release|Any CPU.ActiveCfg = Release|Any CPU
		{5109BF6D-CB6F-46E1-A6C9-AF75E5FA4024}.Release|Any CPU.Build.0 = Release|Any CPU
		{5109BF6D-CB6F-46E1-A6C9-AF75E5FA4024}.Release|x64.ActiveCfg = Release|Any CPU
		{5109BF6D-CB6F-46E1-A6C9-AF75E5FA4024}.Release|x64.Build.0 = Release|Any CPU
		{5109BF6D-CB6F-46E1-A6C9-AF75E5FA4024}.Release|x86.ActiveCfg = Release|Any CPU
		{5109BF6D-CB6F-46E1-A6C9-AF75E5FA4024}.Release|x86.Build.0 = Release|Any CPU
		{6F1373B2-55A3-4FC8-9221-0AB4A9E0C1DF}.Debug|Any CPU.ActiveCfg = Debug|Any CPU
		{6F1373B2-55A3-4FC8-9221-0AB4A9E0C1DF}.Debug|Any CPU.Build.0 = Debug|Any CPU
		{6F1373B2-55A3-4FC8-9221-0AB4A9E0C1DF}.Debug|x64.ActiveCfg = Debug|Any CPU
		{6F1373B2-55A3-4FC8-9221-0AB4A9E0C1DF}.Debug|x64.Build.0 = Debug|Any CPU
		{6F1373B2-55A3-4FC8-9221-0AB4A9E0C1DF}.Debug|x86.ActiveCfg = Debug|Any CPU
		{6F1373B2-55A3-4FC8-9221-0AB4A9E0C1DF}.Debug|x86.Build.0 = Debug|Any CPU
		{6F1373B2-55A3-4FC8-9221-0AB4A9E0C1DF}.Release|Any CPU.ActiveCfg = Release|Any CPU
		{6F1373B2-55A3-4FC8-9221-0AB4A9E0C1DF}.Release|Any CPU.Build.0 = Release|Any CPU
		{6F1373B2-55A3-4FC8-9221-0AB4A9E0C1DF}.Release|x64.ActiveCfg = Release|Any CPU
		{6F1373B2-55A3-4FC8-9221-0AB4A9E0C1DF}.Release|x64.Build.0 = Release|Any CPU
		{6F1373B2-55A3-4FC8-9221-0AB4A9E0C1DF}.Release|x86.ActiveCfg = Release|Any CPU
		{6F1373B2-55A3-4FC8-9221-0AB4A9E0C1DF}.Release|x86.Build.0 = Release|Any CPU
	EndGlobalSection
	GlobalSection(SolutionProperties) = preSolution
		HideSolutionNode = FALSE
	EndGlobalSection
	GlobalSection(NestedProjects) = preSolution
		{90298CBA-BD6F-3A0A-69D5-97CAD7B05E7E} = {827E0CD3-B72D-47B6-A68D-7590B98EB39B}
		{8E1BB927-AFFF-4E02-865D-64820E4FACBA} = {90298CBA-BD6F-3A0A-69D5-97CAD7B05E7E}
		{D49258F1-0C5E-458C-B574-31CCA70226FB} = {90298CBA-BD6F-3A0A-69D5-97CAD7B05E7E}
		{D80A5878-435A-4D17-8E8D-7185B316BC5F} = {90298CBA-BD6F-3A0A-69D5-97CAD7B05E7E}
		{B8D6DD7E-B9BE-4065-8C0D-DEFCD1234913} = {90298CBA-BD6F-3A0A-69D5-97CAD7B05E7E}
		{EE982DDD-93A0-4A2C-ABA8-9FE33944D608} = {90298CBA-BD6F-3A0A-69D5-97CAD7B05E7E}
		{FFBE31B8-50B9-B415-22BC-2F92C97CADA3} = {827E0CD3-B72D-47B6-A68D-7590B98EB39B}
		{E13CA7E1-11F9-41AB-940B-811D9FEA89EF} = {FFBE31B8-50B9-B415-22BC-2F92C97CADA3}
		{CBE535C5-B51A-60E9-4D99-AC1BFAA908A1} = {827E0CD3-B72D-47B6-A68D-7590B98EB39B}
		{B5C0843E-8A0D-4EA9-B97C-0A9A8938F5CD} = {CBE535C5-B51A-60E9-4D99-AC1BFAA908A1}
		{72A3B188-5363-43AF-B28A-6CCD7EAD6C5A} = {CBE535C5-B51A-60E9-4D99-AC1BFAA908A1}
		{6646DC9B-45F7-597F-FD98-DC7F277572B1} = {827E0CD3-B72D-47B6-A68D-7590B98EB39B}
		{A64D8452-38BE-4354-A430-0345CE98BC6E} = {6646DC9B-45F7-597F-FD98-DC7F277572B1}
		{04EA0E26-FF58-40A2-82CF-E1FCDC6F61FD} = {6646DC9B-45F7-597F-FD98-DC7F277572B1}
		{6B9018FD-F228-4940-8277-86DEE1D5BB71} = {6646DC9B-45F7-597F-FD98-DC7F277572B1}
		{090FB92F-CFC1-4056-A66B-9BAC0B998268} = {6646DC9B-45F7-597F-FD98-DC7F277572B1}
		{AE156C2D-CEB6-2932-52E1-7BB3F5577BA2} = {827E0CD3-B72D-47B6-A68D-7590B98EB39B}
		{DD091848-C7B9-4715-B24B-47D1E636E77B} = {AE156C2D-CEB6-2932-52E1-7BB3F5577BA2}
		{C2D4730E-7199-480D-BA68-7C5E4022F87D} = {AE156C2D-CEB6-2932-52E1-7BB3F5577BA2}
		{ABDA65DB-AE35-4ABD-A79C-E28E0FB2A67C} = {AE156C2D-CEB6-2932-52E1-7BB3F5577BA2}
		{CC624943-8873-4189-8397-297F68AE8358} = {AE156C2D-CEB6-2932-52E1-7BB3F5577BA2}
		{5D1400AD-A3C1-F7F6-ECAC-85ED9192F7C3} = {827E0CD3-B72D-47B6-A68D-7590B98EB39B}
		{CD172833-4234-41F9-978D-63216D521F71} = {5D1400AD-A3C1-F7F6-ECAC-85ED9192F7C3}
		{6F4ED596-3AFC-4810-BDAC-1A4DDA18E71F} = {5D1400AD-A3C1-F7F6-ECAC-85ED9192F7C3}
		{0E4DF120-A22E-4579-9066-C33C41F4D3AF} = {5D1400AD-A3C1-F7F6-ECAC-85ED9192F7C3}
		{5AA3F4BE-D25B-409B-8E99-233206066EC8} = {5D1400AD-A3C1-F7F6-ECAC-85ED9192F7C3}
		{F67B90C5-ED5F-53F0-7F60-39A1D6E5BC36} = {827E0CD3-B72D-47B6-A68D-7590B98EB39B}
		{96F778CD-3884-4FA7-946E-2F2DD6CBB411} = {F67B90C5-ED5F-53F0-7F60-39A1D6E5BC36}
		{5EF761FF-B37C-41AD-BA0E-7864221B4946} = {F67B90C5-ED5F-53F0-7F60-39A1D6E5BC36}
		{99997B6D-82B5-48FF-ACF9-63095867BDBD} = {F67B90C5-ED5F-53F0-7F60-39A1D6E5BC36}
		{82B10B89-4F6B-4202-AB26-528C988C33B5} = {F67B90C5-ED5F-53F0-7F60-39A1D6E5BC36}
		{B8D0836C-2C07-4672-85D9-E071A4FC0EF3} = {0AB3BF05-4346-4AA6-1389-037BE0695223}
		{A8ECB9AD-598F-4824-A3D7-9FEC597A37F5} = {0AB3BF05-4346-4AA6-1389-037BE0695223}
		{70F3B854-47E4-4527-8CEB-008238D94C9C} = {6B6A9D20-1EA0-9357-3B09-C6BC2B90364F}
		{1FA1172D-1B16-4BF0-83DB-CBE701D645DF} = {50761A8C-3A0B-6B1B-86AD-17AC9E1B806D}
		{21E502CD-0806-452F-ADC6-53B3E13ABC85} = {5C10043A-9EE2-C91D-901C-208A82670A6B}
		{47822102-0F55-4B06-A709-108C8063E876} = {72706DB3-4A3E-8C06-4DA7-82ADBF30784B}
		{5109BF6D-CB6F-46E1-A6C9-AF75E5FA4024} = {0AB3BF05-4346-4AA6-1389-037BE0695223}
		{6F1373B2-55A3-4FC8-9221-0AB4A9E0C1DF} = {0AB3BF05-4346-4AA6-1389-037BE0695223}
	EndGlobalSection
EndGlobal
